
Microsoft Visual Studio Solution File, Format Version 12.00
# Visual Studio Version 16
VisualStudioVersion = 16.0.29209.62
MinimumVisualStudioVersion = 10.0.40219.1
Project("{FAE04EC0-301F-11D3-BF4B-00C04F79EFBC}") = "TindevApp.Backend", "TindevApp.Backend\TindevApp.Backend.csproj", "{97140811-36A4-4A42-9AC6-FDCAD1645F0E}"
EndProject
Global
	GlobalSection(SolutionConfigurationPlatforms) = preSolution
		Debug|Any CPU = Debug|Any CPU
		Release|Any CPU = Release|Any CPU
	EndGlobalSection
	GlobalSection(ProjectConfigurationPlatforms) = postSolution
		{97140811-36A4-4A42-9AC6-FDCAD1645F0E}.Debug|Any CPU.ActiveCfg = Debug|Any CPU
		{97140811-36A4-4A42-9AC6-FDCAD1645F0E}.Debug|Any CPU.Build.0 = Debug|Any CPU
		{97140811-36A4-4A42-9AC6-FDCAD1645F0E}.Release|Any CPU.ActiveCfg = Release|Any CPU
		{97140811-36A4-4A42-9AC6-FDCAD1645F0E}.Release|Any CPU.Build.0 = Release|Any CPU
	EndGlobalSection
	GlobalSection(SolutionProperties) = preSolution
		HideSolutionNode = FALSE
	EndGlobalSection
	GlobalSection(ExtensibilityGlobals) = postSolution
		SolutionGuid = {6B805B57-1328-4BF8-9664-40E49D4913CB}
	EndGlobalSection
EndGlobal
